// !$*UTF8*$!
{
	archiveVersion = 1;
	classes = {
	};
	objectVersion = 46;
	objects = {

/* Begin PBXBuildFile section */
		1E5E225B8BE5E03B73E4D5D0 /* libPods-UsingFrameworks.a in Frameworks */ = {isa = PBXBuildFile; fileRef = BA0A5B58D15478AD185335A9 /* libPods-UsingFrameworks.a */; };
		65B9C3F31DD77E4100042899 /* README.md in Sources */ = {isa = PBXBuildFile; fileRef = 65B9C3F21DD77E4100042899 /* README.md */; };
		65B9C3F51DD77E4900042899 /* LICENSE in Resources */ = {isa = PBXBuildFile; fileRef = 65B9C3F41DD77E4900042899 /* LICENSE */; };
		65B9C48F1DD8178700042899 /* AppDelegate.m in Sources */ = {isa = PBXBuildFile; fileRef = 65B9C46B1DD8178700042899 /* AppDelegate.m */; };
		65B9C4901DD8178700042899 /* DXMainViewController.swift in Sources */ = {isa = PBXBuildFile; fileRef = 65B9C46D1DD8178700042899 /* DXMainViewController.swift */; };
		65B9C4911DD8178700042899 /* Main.storyboard in Resources */ = {isa = PBXBuildFile; fileRef = 65B9C46E1DD8178700042899 /* Main.storyboard */; };
		65B9C4921DD8178700042899 /* UIViewController+DXTransition.m in Sources */ = {isa = PBXBuildFile; fileRef = 65B9C4731DD8178700042899 /* UIViewController+DXTransition.m */; };
		65B9C4931DD8178700042899 /* DXSimpleTableView.swift in Sources */ = {isa = PBXBuildFile; fileRef = 65B9C4761DD8178700042899 /* DXSimpleTableView.swift */; };
		65B9C4941DD8178700042899 /* DXSimpleTableViewCellInfo.swift in Sources */ = {isa = PBXBuildFile; fileRef = 65B9C4771DD8178700042899 /* DXSimpleTableViewCellInfo.swift */; };
		65B9C4951DD8178700042899 /* DXSimpleTableViewSectionInfo.swift in Sources */ = {isa = PBXBuildFile; fileRef = 65B9C4781DD8178700042899 /* DXSimpleTableViewSectionInfo.swift */; };
		65B9C4961DD8178700042899 /* DBeautyVC.m in Sources */ = {isa = PBXBuildFile; fileRef = 65B9C47F1DD8178700042899 /* DBeautyVC.m */; };
		65B9C4971DD8178700042899 /* DDifferentPageVC.m in Sources */ = {isa = PBXBuildFile; fileRef = 65B9C4811DD8178700042899 /* DDifferentPageVC.m */; };
		65B9C4981DD8178700042899 /* DDifferentPageVC.storyboard in Resources */ = {isa = PBXBuildFile; fileRef = 65B9C4821DD8178700042899 /* DDifferentPageVC.storyboard */; };
		65B9C4991DD8178700042899 /* DHandsomeVC.m in Sources */ = {isa = PBXBuildFile; fileRef = 65B9C4841DD8178700042899 /* DHandsomeVC.m */; };
		65B9C49A1DD8178700042899 /* DLabelWithAttributedStringVC.swift in Sources */ = {isa = PBXBuildFile; fileRef = 65B9C4861DD8178700042899 /* DLabelWithAttributedStringVC.swift */; };
		65B9C49B1DD8178700042899 /* DLabelWithAttributedStringVC.xib in Resources */ = {isa = PBXBuildFile; fileRef = 65B9C4871DD8178700042899 /* DLabelWithAttributedStringVC.xib */; };
		65B9C49C1DD8178700042899 /* main.m in Sources */ = {isa = PBXBuildFile; fileRef = 65B9C4891DD8178700042899 /* main.m */; };
		65B9C49D1DD8178700042899 /* Assets.xcassets in Resources */ = {isa = PBXBuildFile; fileRef = 65B9C48B1DD8178700042899 /* Assets.xcassets */; };
		65B9C49E1DD8178700042899 /* Info.plist in Resources */ = {isa = PBXBuildFile; fileRef = 65B9C48C1DD8178700042899 /* Info.plist */; };
		65B9C49F1DD8178700042899 /* LaunchScreen.storyboard in Resources */ = {isa = PBXBuildFile; fileRef = 65B9C48D1DD8178700042899 /* LaunchScreen.storyboard */; };
		65B9C4A21DD818AD00042899 /* DUIKitViewController.swift in Sources */ = {isa = PBXBuildFile; fileRef = 65B9C4A11DD818AD00042899 /* DUIKitViewController.swift */; };
/* End PBXBuildFile section */

/* Begin PBXFileReference section */
		0C363E48A66629B50E616BF1 /* Pods-UsingFrameworks.release.xcconfig */ = {isa = PBXFileReference; includeInIndex = 1; lastKnownFileType = text.xcconfig; name = "Pods-UsingFrameworks.release.xcconfig"; path = "Pods/Target Support Files/Pods-UsingFrameworks/Pods-UsingFrameworks.release.xcconfig"; sourceTree = "<group>"; };
		6551EC171DCF647D000C4077 /* UsingFrameworks.app */ = {isa = PBXFileReference; explicitFileType = wrapper.application; includeInIndex = 0; path = UsingFrameworks.app; sourceTree = BUILT_PRODUCTS_DIR; };
		65B9C3F21DD77E4100042899 /* README.md */ = {isa = PBXFileReference; fileEncoding = 4; lastKnownFileType = net.daringfireball.markdown; path = README.md; sourceTree = "<group>"; };
		65B9C3F41DD77E4900042899 /* LICENSE */ = {isa = PBXFileReference; fileEncoding = 4; lastKnownFileType = text; path = LICENSE; sourceTree = "<group>"; };
		65B9C46A1DD8178700042899 /* AppDelegate.h */ = {isa = PBXFileReference; fileEncoding = 4; lastKnownFileType = sourcecode.c.h; path = AppDelegate.h; sourceTree = "<group>"; };
		65B9C46B1DD8178700042899 /* AppDelegate.m */ = {isa = PBXFileReference; fileEncoding = 4; lastKnownFileType = sourcecode.c.objc; path = AppDelegate.m; sourceTree = "<group>"; };
		65B9C46D1DD8178700042899 /* DXMainViewController.swift */ = {isa = PBXFileReference; fileEncoding = 4; lastKnownFileType = sourcecode.swift; path = DXMainViewController.swift; sourceTree = "<group>"; };
		65B9C46E1DD8178700042899 /* Main.storyboard */ = {isa = PBXFileReference; fileEncoding = 4; lastKnownFileType = file.storyboard; path = Main.storyboard; sourceTree = "<group>"; };
		65B9C4721DD8178700042899 /* UIViewController+DXTransition.h */ = {isa = PBXFileReference; fileEncoding = 4; lastKnownFileType = sourcecode.c.h; path = "UIViewController+DXTransition.h"; sourceTree = "<group>"; };
		65B9C4731DD8178700042899 /* UIViewController+DXTransition.m */ = {isa = PBXFileReference; fileEncoding = 4; lastKnownFileType = sourcecode.c.objc; path = "UIViewController+DXTransition.m"; sourceTree = "<group>"; };
		65B9C4761DD8178700042899 /* DXSimpleTableView.swift */ = {isa = PBXFileReference; fileEncoding = 4; lastKnownFileType = sourcecode.swift; path = DXSimpleTableView.swift; sourceTree = "<group>"; };
		65B9C4771DD8178700042899 /* DXSimpleTableViewCellInfo.swift */ = {isa = PBXFileReference; fileEncoding = 4; lastKnownFileType = sourcecode.swift; path = DXSimpleTableViewCellInfo.swift; sourceTree = "<group>"; };
		65B9C4781DD8178700042899 /* DXSimpleTableViewSectionInfo.swift */ = {isa = PBXFileReference; fileEncoding = 4; lastKnownFileType = sourcecode.swift; path = DXSimpleTableViewSectionInfo.swift; sourceTree = "<group>"; };
		65B9C47E1DD8178700042899 /* DBeautyVC.h */ = {isa = PBXFileReference; fileEncoding = 4; lastKnownFileType = sourcecode.c.h; path = DBeautyVC.h; sourceTree = "<group>"; };
		65B9C47F1DD8178700042899 /* DBeautyVC.m */ = {isa = PBXFileReference; fileEncoding = 4; lastKnownFileType = sourcecode.c.objc; path = DBeautyVC.m; sourceTree = "<group>"; };
		65B9C4801DD8178700042899 /* DDifferentPageVC.h */ = {isa = PBXFileReference; fileEncoding = 4; lastKnownFileType = sourcecode.c.h; path = DDifferentPageVC.h; sourceTree = "<group>"; };
		65B9C4811DD8178700042899 /* DDifferentPageVC.m */ = {isa = PBXFileReference; fileEncoding = 4; lastKnownFileType = sourcecode.c.objc; path = DDifferentPageVC.m; sourceTree = "<group>"; };
		65B9C4821DD8178700042899 /* DDifferentPageVC.storyboard */ = {isa = PBXFileReference; fileEncoding = 4; lastKnownFileType = file.storyboard; path = DDifferentPageVC.storyboard; sourceTree = "<group>"; };
		65B9C4831DD8178700042899 /* DHandsomeVC.h */ = {isa = PBXFileReference; fileEncoding = 4; lastKnownFileType = sourcecode.c.h; path = DHandsomeVC.h; sourceTree = "<group>"; };
		65B9C4841DD8178700042899 /* DHandsomeVC.m */ = {isa = PBXFileReference; fileEncoding = 4; lastKnownFileType = sourcecode.c.objc; path = DHandsomeVC.m; sourceTree = "<group>"; };
		65B9C4861DD8178700042899 /* DLabelWithAttributedStringVC.swift */ = {isa = PBXFileReference; fileEncoding = 4; lastKnownFileType = sourcecode.swift; path = DLabelWithAttributedStringVC.swift; sourceTree = "<group>"; };
		65B9C4871DD8178700042899 /* DLabelWithAttributedStringVC.xib */ = {isa = PBXFileReference; fileEncoding = 4; lastKnownFileType = file.xib; path = DLabelWithAttributedStringVC.xib; sourceTree = "<group>"; };
		65B9C4891DD8178700042899 /* main.m */ = {isa = PBXFileReference; fileEncoding = 4; lastKnownFileType = sourcecode.c.objc; path = main.m; sourceTree = "<group>"; };
		65B9C48B1DD8178700042899 /* Assets.xcassets */ = {isa = PBXFileReference; lastKnownFileType = folder.assetcatalog; path = Assets.xcassets; sourceTree = "<group>"; };
		65B9C48C1DD8178700042899 /* Info.plist */ = {isa = PBXFileReference; fileEncoding = 4; lastKnownFileType = text.plist.xml; path = Info.plist; sourceTree = "<group>"; };
		65B9C48D1DD8178700042899 /* LaunchScreen.storyboard */ = {isa = PBXFileReference; fileEncoding = 4; lastKnownFileType = file.storyboard; path = LaunchScreen.storyboard; sourceTree = "<group>"; };
		65B9C48E1DD8178700042899 /* UsingFrameworks-Bridging-Header.h */ = {isa = PBXFileReference; fileEncoding = 4; lastKnownFileType = sourcecode.c.h; path = "UsingFrameworks-Bridging-Header.h"; sourceTree = "<group>"; };
		65B9C4A01DD817B100042899 /* DXMainViewController-Bridging-Header.h */ = {isa = PBXFileReference; lastKnownFileType = sourcecode.c.h; path = "DXMainViewController-Bridging-Header.h"; sourceTree = "<group>"; };
		65B9C4A11DD818AD00042899 /* DUIKitViewController.swift */ = {isa = PBXFileReference; fileEncoding = 4; lastKnownFileType = sourcecode.swift; path = DUIKitViewController.swift; sourceTree = "<group>"; };
		65B9C4A31DD8196B00042899 /* DUIKitViewController-Bridging-Header.h */ = {isa = PBXFileReference; lastKnownFileType = sourcecode.c.h; path = "DUIKitViewController-Bridging-Header.h"; sourceTree = "<group>"; };
		A758681ECEAFB38729850F07 /* Pods-UsingFrameworks.debug.xcconfig */ = {isa = PBXFileReference; includeInIndex = 1; lastKnownFileType = text.xcconfig; name = "Pods-UsingFrameworks.debug.xcconfig"; path = "Pods/Target Support Files/Pods-UsingFrameworks/Pods-UsingFrameworks.debug.xcconfig"; sourceTree = "<group>"; };
		BA0A5B58D15478AD185335A9 /* libPods-UsingFrameworks.a */ = {isa = PBXFileReference; explicitFileType = archive.ar; includeInIndex = 0; path = "libPods-UsingFrameworks.a"; sourceTree = BUILT_PRODUCTS_DIR; };
/* End PBXFileReference section */

/* Begin PBXFrameworksBuildPhase section */
		6551EC141DCF647D000C4077 /* Frameworks */ = {
			isa = PBXFrameworksBuildPhase;
			buildActionMask = 2147483647;
			files = (
				1E5E225B8BE5E03B73E4D5D0 /* libPods-UsingFrameworks.a in Frameworks */,
			);
			runOnlyForDeploymentPostprocessing = 0;
		};
/* End PBXFrameworksBuildPhase section */

/* Begin PBXGroup section */
		2670D7A225311E717FFC350A /* Frameworks */ = {
			isa = PBXGroup;
			children = (
				BA0A5B58D15478AD185335A9 /* libPods-UsingFrameworks.a */,
			);
			name = Frameworks;
			sourceTree = "<group>";
		};
		6551EC0E1DCF647D000C4077 = {
			isa = PBXGroup;
			children = (
				65B9C4681DD8178700042899 /* UsingFrameworks */,
				6551EC181DCF647D000C4077 /* Products */,
				712E8C0928D723DBFB36F1AD /* Pods */,
				2670D7A225311E717FFC350A /* Frameworks */,
				65B9C3F21DD77E4100042899 /* README.md */,
				65B9C3F41DD77E4900042899 /* LICENSE */,
			);
			sourceTree = "<group>";
		};
		6551EC181DCF647D000C4077 /* Products */ = {
			isa = PBXGroup;
			children = (
				6551EC171DCF647D000C4077 /* UsingFrameworks.app */,
			);
			name = Products;
			sourceTree = "<group>";
		};
		65B9C4681DD8178700042899 /* UsingFrameworks */ = {
			isa = PBXGroup;
			children = (
				65B9C4691DD8178700042899 /* AppDelegate */,
				65B9C46C1DD8178700042899 /* Frameworks */,
				65B9C4881DD8178700042899 /* Main */,
				65B9C48A1DD8178700042899 /* Resource */,
				65B9C48E1DD8178700042899 /* UsingFrameworks-Bridging-Header.h */,
			);
			path = UsingFrameworks;
			sourceTree = "<group>";
		};
		65B9C4691DD8178700042899 /* AppDelegate */ = {
			isa = PBXGroup;
			children = (
				65B9C46A1DD8178700042899 /* AppDelegate.h */,
				65B9C46B1DD8178700042899 /* AppDelegate.m */,
			);
			path = AppDelegate;
			sourceTree = "<group>";
		};
		65B9C46C1DD8178700042899 /* Frameworks */ = {
			isa = PBXGroup;
			children = (
				65B9C46D1DD8178700042899 /* DXMainViewController.swift */,
				65B9C4A01DD817B100042899 /* DXMainViewController-Bridging-Header.h */,
				65B9C46E1DD8178700042899 /* Main.storyboard */,
				65B9C46F1DD8178700042899 /* Public */,
				65B9C4791DD8178700042899 /* Tmp */,
				65B9C47A1DD8178700042899 /* UI */,
			);
			path = Frameworks;
			sourceTree = "<group>";
		};
		65B9C46F1DD8178700042899 /* Public */ = {
			isa = PBXGroup;
			children = (
				65B9C4701DD8178700042899 /* Category */,
				65B9C4741DD8178700042899 /* UI */,
			);
			path = Public;
			sourceTree = "<group>";
		};
		65B9C4701DD8178700042899 /* Category */ = {
			isa = PBXGroup;
			children = (
				65B9C4711DD8178700042899 /* UIKit */,
			);
			path = Category;
			sourceTree = "<group>";
		};
		65B9C4711DD8178700042899 /* UIKit */ = {
			isa = PBXGroup;
			children = (
				65B9C4721DD8178700042899 /* UIViewController+DXTransition.h */,
				65B9C4731DD8178700042899 /* UIViewController+DXTransition.m */,
			);
			path = UIKit;
			sourceTree = "<group>";
		};
		65B9C4741DD8178700042899 /* UI */ = {
			isa = PBXGroup;
			children = (
				65B9C4751DD8178700042899 /* DXSimpleTableView */,
			);
			path = UI;
			sourceTree = "<group>";
		};
		65B9C4751DD8178700042899 /* DXSimpleTableView */ = {
			isa = PBXGroup;
			children = (
				65B9C4761DD8178700042899 /* DXSimpleTableView.swift */,
				65B9C4771DD8178700042899 /* DXSimpleTableViewCellInfo.swift */,
				65B9C4781DD8178700042899 /* DXSimpleTableViewSectionInfo.swift */,
			);
			path = DXSimpleTableView;
			sourceTree = "<group>";
		};
		65B9C4791DD8178700042899 /* Tmp */ = {
			isa = PBXGroup;
			children = (
			);
			path = Tmp;
			sourceTree = "<group>";
		};
		65B9C47A1DD8178700042899 /* UI */ = {
			isa = PBXGroup;
			children = (
				65B9C47B1DD8178700042899 /* Layout */,
				65B9C47C1DD8178700042899 /* UIKit */,
			);
			path = UI;
			sourceTree = "<group>";
		};
		65B9C47B1DD8178700042899 /* Layout */ = {
			isa = PBXGroup;
			children = (
			);
			path = Layout;
			sourceTree = "<group>";
		};
		65B9C47C1DD8178700042899 /* UIKit */ = {
			isa = PBXGroup;
			children = (
				65B9C4A11DD818AD00042899 /* DUIKitViewController.swift */,
				65B9C4A31DD8196B00042899 /* DUIKitViewController-Bridging-Header.h */,
				65B9C47D1DD8178700042899 /* ChildViewController */,
				65B9C4851DD8178700042899 /* UILabel */,
			);
			path = UIKit;
			sourceTree = "<group>";
		};
		65B9C47D1DD8178700042899 /* ChildViewController */ = {
			isa = PBXGroup;
			children = (
				65B9C47E1DD8178700042899 /* DBeautyVC.h */,
				65B9C47F1DD8178700042899 /* DBeautyVC.m */,
				65B9C4801DD8178700042899 /* DDifferentPageVC.h */,
				65B9C4811DD8178700042899 /* DDifferentPageVC.m */,
				65B9C4821DD8178700042899 /* DDifferentPageVC.storyboard */,
				65B9C4831DD8178700042899 /* DHandsomeVC.h */,
				65B9C4841DD8178700042899 /* DHandsomeVC.m */,
			);
			path = ChildViewController;
			sourceTree = "<group>";
		};
		65B9C4851DD8178700042899 /* UILabel */ = {
			isa = PBXGroup;
			children = (
				65B9C4861DD8178700042899 /* DLabelWithAttributedStringVC.swift */,
				65B9C4871DD8178700042899 /* DLabelWithAttributedStringVC.xib */,
			);
			path = UILabel;
			sourceTree = "<group>";
		};
		65B9C4881DD8178700042899 /* Main */ = {
			isa = PBXGroup;
			children = (
				65B9C4891DD8178700042899 /* main.m */,
			);
			path = Main;
			sourceTree = "<group>";
		};
		65B9C48A1DD8178700042899 /* Resource */ = {
			isa = PBXGroup;
			children = (
				65B9C48B1DD8178700042899 /* Assets.xcassets */,
				65B9C48C1DD8178700042899 /* Info.plist */,
				65B9C48D1DD8178700042899 /* LaunchScreen.storyboard */,
			);
			path = Resource;
			sourceTree = "<group>";
		};
		712E8C0928D723DBFB36F1AD /* Pods */ = {
			isa = PBXGroup;
			children = (
				A758681ECEAFB38729850F07 /* Pods-UsingFrameworks.debug.xcconfig */,
				0C363E48A66629B50E616BF1 /* Pods-UsingFrameworks.release.xcconfig */,
			);
			name = Pods;
			sourceTree = "<group>";
		};
/* End PBXGroup section */

/* Begin PBXNativeTarget section */
		6551EC161DCF647D000C4077 /* UsingFrameworks */ = {
			isa = PBXNativeTarget;
			buildConfigurationList = 6551EC2E1DCF647D000C4077 /* Build configuration list for PBXNativeTarget "UsingFrameworks" */;
			buildPhases = (
				5B6B000ED30DADFF36590655 /* 📦 Check Pods Manifest.lock */,
				6551EC131DCF647D000C4077 /* Sources */,
				6551EC141DCF647D000C4077 /* Frameworks */,
				6551EC151DCF647D000C4077 /* Resources */,
				88130AA8DA89F204CF745D56 /* 📦 Embed Pods Frameworks */,
				9B7AC7AE850F2E4DA2521927 /* 📦 Copy Pods Resources */,
			);
			buildRules = (
			);
			dependencies = (
			);
			name = UsingFrameworks;
			productName = UsingFrameworks;
			productReference = 6551EC171DCF647D000C4077 /* UsingFrameworks.app */;
			productType = "com.apple.product-type.application";
		};
/* End PBXNativeTarget section */

/* Begin PBXProject section */
		6551EC0F1DCF647D000C4077 /* Project object */ = {
			isa = PBXProject;
			attributes = {
				LastUpgradeCheck = 0810;
				ORGANIZATIONNAME = DXY;
				TargetAttributes = {
					6551EC161DCF647D000C4077 = {
						CreatedOnToolsVersion = 8.0;
						DevelopmentTeam = Z9YWG35C7G;
						LastSwiftMigration = 0800;
						ProvisioningStyle = Automatic;
					};
				};
			};
			buildConfigurationList = 6551EC121DCF647D000C4077 /* Build configuration list for PBXProject "UsingFrameworks" */;
			compatibilityVersion = "Xcode 3.2";
			developmentRegion = English;
			hasScannedForEncodings = 0;
			knownRegions = (
				en,
				Base,
			);
			mainGroup = 6551EC0E1DCF647D000C4077;
			productRefGroup = 6551EC181DCF647D000C4077 /* Products */;
			projectDirPath = "";
			projectRoot = "";
			targets = (
				6551EC161DCF647D000C4077 /* UsingFrameworks */,
			);
		};
/* End PBXProject section */

/* Begin PBXResourcesBuildPhase section */
		6551EC151DCF647D000C4077 /* Resources */ = {
			isa = PBXResourcesBuildPhase;
			buildActionMask = 2147483647;
			files = (
				65B9C3F51DD77E4900042899 /* LICENSE in Resources */,
				65B9C4981DD8178700042899 /* DDifferentPageVC.storyboard in Resources */,
				65B9C49E1DD8178700042899 /* Info.plist in Resources */,
				65B9C49B1DD8178700042899 /* DLabelWithAttributedStringVC.xib in Resources */,
				65B9C49F1DD8178700042899 /* LaunchScreen.storyboard in Resources */,
				65B9C4911DD8178700042899 /* Main.storyboard in Resources */,
				65B9C49D1DD8178700042899 /* Assets.xcassets in Resources */,
			);
			runOnlyForDeploymentPostprocessing = 0;
		};
/* End PBXResourcesBuildPhase section */

/* Begin PBXShellScriptBuildPhase section */
		5B6B000ED30DADFF36590655 /* 📦 Check Pods Manifest.lock */ = {
			isa = PBXShellScriptBuildPhase;
			buildActionMask = 2147483647;
			files = (
			);
			inputPaths = (
			);
			name = "📦 Check Pods Manifest.lock";
			outputPaths = (
			);
			runOnlyForDeploymentPostprocessing = 0;
			shellPath = /bin/sh;
			shellScript = "diff \"${PODS_ROOT}/../Podfile.lock\" \"${PODS_ROOT}/Manifest.lock\" > /dev/null\nif [[ $? != 0 ]] ; then\n    cat << EOM\nerror: The sandbox is not in sync with the Podfile.lock. Run 'pod install' or update your CocoaPods installation.\nEOM\n    exit 1\nfi\n";
			showEnvVarsInLog = 0;
		};
		88130AA8DA89F204CF745D56 /* 📦 Embed Pods Frameworks */ = {
			isa = PBXShellScriptBuildPhase;
			buildActionMask = 2147483647;
			files = (
			);
			inputPaths = (
			);
			name = "📦 Embed Pods Frameworks";
			outputPaths = (
			);
			runOnlyForDeploymentPostprocessing = 0;
			shellPath = /bin/sh;
			shellScript = "\"${SRCROOT}/Pods/Target Support Files/Pods-UsingFrameworks/Pods-UsingFrameworks-frameworks.sh\"\n";
			showEnvVarsInLog = 0;
		};
		9B7AC7AE850F2E4DA2521927 /* 📦 Copy Pods Resources */ = {
			isa = PBXShellScriptBuildPhase;
			buildActionMask = 2147483647;
			files = (
			);
			inputPaths = (
			);
			name = "📦 Copy Pods Resources";
			outputPaths = (
			);
			runOnlyForDeploymentPostprocessing = 0;
			shellPath = /bin/sh;
			shellScript = "\"${SRCROOT}/Pods/Target Support Files/Pods-UsingFrameworks/Pods-UsingFrameworks-resources.sh\"\n";
			showEnvVarsInLog = 0;
		};
/* End PBXShellScriptBuildPhase section */

/* Begin PBXSourcesBuildPhase section */
		6551EC131DCF647D000C4077 /* Sources */ = {
			isa = PBXSourcesBuildPhase;
			buildActionMask = 2147483647;
			files = (
				65B9C4971DD8178700042899 /* DDifferentPageVC.m in Sources */,
				65B9C4901DD8178700042899 /* DXMainViewController.swift in Sources */,
				65B9C4941DD8178700042899 /* DXSimpleTableViewCellInfo.swift in Sources */,
				65B9C4931DD8178700042899 /* DXSimpleTableView.swift in Sources */,
				65B9C49A1DD8178700042899 /* DLabelWithAttributedStringVC.swift in Sources */,
				65B9C4921DD8178700042899 /* UIViewController+DXTransition.m in Sources */,
				65B9C4A21DD818AD00042899 /* DUIKitViewController.swift in Sources */,
				65B9C48F1DD8178700042899 /* AppDelegate.m in Sources */,
				65B9C4961DD8178700042899 /* DBeautyVC.m in Sources */,
				65B9C4951DD8178700042899 /* DXSimpleTableViewSectionInfo.swift in Sources */,
				65B9C4991DD8178700042899 /* DHandsomeVC.m in Sources */,
				65B9C49C1DD8178700042899 /* main.m in Sources */,
				65B9C3F31DD77E4100042899 /* README.md in Sources */,
			);
			runOnlyForDeploymentPostprocessing = 0;
		};
/* End PBXSourcesBuildPhase section */

/* Begin XCBuildConfiguration section */
		6551EC2C1DCF647D000C4077 /* Debug */ = {
			isa = XCBuildConfiguration;
			buildSettings = {
				ALWAYS_SEARCH_USER_PATHS = NO;
				CLANG_ANALYZER_NONNULL = YES;
				CLANG_CXX_LANGUAGE_STANDARD = "gnu++0x";
				CLANG_CXX_LIBRARY = "libc++";
				CLANG_ENABLE_MODULES = YES;
				CLANG_ENABLE_OBJC_ARC = YES;
				CLANG_WARN_BOOL_CONVERSION = YES;
				CLANG_WARN_CONSTANT_CONVERSION = YES;
				CLANG_WARN_DIRECT_OBJC_ISA_USAGE = YES_ERROR;
				CLANG_WARN_DOCUMENTATION_COMMENTS = YES;
				CLANG_WARN_EMPTY_BODY = YES;
				CLANG_WARN_ENUM_CONVERSION = YES;
				CLANG_WARN_INFINITE_RECURSION = YES;
				CLANG_WARN_INT_CONVERSION = YES;
				CLANG_WARN_OBJC_ROOT_CLASS = YES_ERROR;
				CLANG_WARN_SUSPICIOUS_MOVE = YES;
				CLANG_WARN_SUSPICIOUS_MOVES = YES;
				CLANG_WARN_UNREACHABLE_CODE = YES;
				CLANG_WARN__DUPLICATE_METHOD_MATCH = YES;
				"CODE_SIGN_IDENTITY[sdk=iphoneos*]" = "iPhone Developer";
				COPY_PHASE_STRIP = NO;
				DEBUG_INFORMATION_FORMAT = dwarf;
				ENABLE_STRICT_OBJC_MSGSEND = YES;
				ENABLE_TESTABILITY = YES;
				GCC_C_LANGUAGE_STANDARD = gnu99;
				GCC_DYNAMIC_NO_PIC = NO;
				GCC_NO_COMMON_BLOCKS = YES;
				GCC_OPTIMIZATION_LEVEL = 0;
				GCC_PREPROCESSOR_DEFINITIONS = (
					"DEBUG=1",
					"$(inherited)",
				);
				GCC_WARN_64_TO_32_BIT_CONVERSION = YES;
				GCC_WARN_ABOUT_RETURN_TYPE = YES_ERROR;
				GCC_WARN_UNDECLARED_SELECTOR = YES;
				GCC_WARN_UNINITIALIZED_AUTOS = YES_AGGRESSIVE;
				GCC_WARN_UNUSED_FUNCTION = YES;
				GCC_WARN_UNUSED_VARIABLE = YES;
				IPHONEOS_DEPLOYMENT_TARGET = 10.0;
				MTL_ENABLE_DEBUG_INFO = YES;
				ONLY_ACTIVE_ARCH = YES;
				SDKROOT = iphoneos;
				TARGETED_DEVICE_FAMILY = "1,2";
			};
			name = Debug;
		};
		6551EC2D1DCF647D000C4077 /* Release */ = {
			isa = XCBuildConfiguration;
			buildSettings = {
				ALWAYS_SEARCH_USER_PATHS = NO;
				CLANG_ANALYZER_NONNULL = YES;
				CLANG_CXX_LANGUAGE_STANDARD = "gnu++0x";
				CLANG_CXX_LIBRARY = "libc++";
				CLANG_ENABLE_MODULES = YES;
				CLANG_ENABLE_OBJC_ARC = YES;
				CLANG_WARN_BOOL_CONVERSION = YES;
				CLANG_WARN_CONSTANT_CONVERSION = YES;
				CLANG_WARN_DIRECT_OBJC_ISA_USAGE = YES_ERROR;
				CLANG_WARN_DOCUMENTATION_COMMENTS = YES;
				CLANG_WARN_EMPTY_BODY = YES;
				CLANG_WARN_ENUM_CONVERSION = YES;
				CLANG_WARN_INFINITE_RECURSION = YES;
				CLANG_WARN_INT_CONVERSION = YES;
				CLANG_WARN_OBJC_ROOT_CLASS = YES_ERROR;
				CLANG_WARN_SUSPICIOUS_MOVE = YES;
				CLANG_WARN_SUSPICIOUS_MOVES = YES;
				CLANG_WARN_UNREACHABLE_CODE = YES;
				CLANG_WARN__DUPLICATE_METHOD_MATCH = YES;
				"CODE_SIGN_IDENTITY[sdk=iphoneos*]" = "iPhone Developer";
				COPY_PHASE_STRIP = NO;
				DEBUG_INFORMATION_FORMAT = "dwarf-with-dsym";
				ENABLE_NS_ASSERTIONS = NO;
				ENABLE_STRICT_OBJC_MSGSEND = YES;
				GCC_C_LANGUAGE_STANDARD = gnu99;
				GCC_NO_COMMON_BLOCKS = YES;
				GCC_WARN_64_TO_32_BIT_CONVERSION = YES;
				GCC_WARN_ABOUT_RETURN_TYPE = YES_ERROR;
				GCC_WARN_UNDECLARED_SELECTOR = YES;
				GCC_WARN_UNINITIALIZED_AUTOS = YES_AGGRESSIVE;
				GCC_WARN_UNUSED_FUNCTION = YES;
				GCC_WARN_UNUSED_VARIABLE = YES;
				IPHONEOS_DEPLOYMENT_TARGET = 10.0;
				MTL_ENABLE_DEBUG_INFO = NO;
				SDKROOT = iphoneos;
				SWIFT_OPTIMIZATION_LEVEL = "-Owholemodule";
				TARGETED_DEVICE_FAMILY = "1,2";
				VALIDATE_PRODUCT = YES;
			};
			name = Release;
		};
		6551EC2F1DCF647D000C4077 /* Debug */ = {
			isa = XCBuildConfiguration;
			baseConfigurationReference = A758681ECEAFB38729850F07 /* Pods-UsingFrameworks.debug.xcconfig */;
			buildSettings = {
				ASSETCATALOG_COMPILER_APPICON_NAME = AppIcon;
				CLANG_ENABLE_MODULES = YES;
				CODE_SIGN_IDENTITY = "iPhone Developer";
				DEVELOPMENT_TEAM = Z9YWG35C7G;
				INFOPLIST_FILE = UsingFrameworks/Resource/Info.plist;
				IPHONEOS_DEPLOYMENT_TARGET = 8.0;
				LD_RUNPATH_SEARCH_PATHS = "$(inherited) @executable_path/Frameworks";
				PRODUCT_BUNDLE_IDENTIFIER = me.dingxianye.demo.UsingFrameworks;
				PRODUCT_NAME = "$(TARGET_NAME)";
				SWIFT_OBJC_BRIDGING_HEADER = "UsingFrameworks/UsingFrameworks-Bridging-Header.h";
				SWIFT_OPTIMIZATION_LEVEL = "-Onone";
				SWIFT_VERSION = 3.0;
			};
			name = Debug;
		};
		6551EC301DCF647D000C4077 /* Release */ = {
			isa = XCBuildConfiguration;
			baseConfigurationReference = 0C363E48A66629B50E616BF1 /* Pods-UsingFrameworks.release.xcconfig */;
			buildSettings = {
				ASSETCATALOG_COMPILER_APPICON_NAME = AppIcon;
				CLANG_ENABLE_MODULES = YES;
				CODE_SIGN_IDENTITY = "iPhone Developer";
				DEVELOPMENT_TEAM = Z9YWG35C7G;
				INFOPLIST_FILE = UsingFrameworks/Resource/Info.plist;
				IPHONEOS_DEPLOYMENT_TARGET = 8.0;
				LD_RUNPATH_SEARCH_PATHS = "$(inherited) @executable_path/Frameworks";
				PRODUCT_BUNDLE_IDENTIFIER = me.dingxianye.demo.UsingFrameworks;
				PRODUCT_NAME = "$(TARGET_NAME)";
				SWIFT_OBJC_BRIDGING_HEADER = "UsingFrameworks/UsingFrameworks-Bridging-Header.h";
				SWIFT_VERSION = 3.0;
			};
			name = Release;
		};
/* End XCBuildConfiguration section */

/* Begin XCConfigurationList section */
		6551EC121DCF647D000C4077 /* Build configuration list for PBXProject "UsingFrameworks" */ = {
			isa = XCConfigurationList;
			buildConfigurations = (
				6551EC2C1DCF647D000C4077 /* Debug */,
				6551EC2D1DCF647D000C4077 /* Release */,
			);
			defaultConfigurationIsVisible = 0;
			defaultConfigurationName = Release;
		};
		6551EC2E1DCF647D000C4077 /* Build configuration list for PBXNativeTarget "UsingFrameworks" */ = {
			isa = XCConfigurationList;
			buildConfigurations = (
				6551EC2F1DCF647D000C4077 /* Debug */,
				6551EC301DCF647D000C4077 /* Release */,
			);
			defaultConfigurationIsVisible = 0;
			defaultConfigurationName = Release;
		};
/* End XCConfigurationList section */
	};
	rootObject = 6551EC0F1DCF647D000C4077 /* Project object */;
}
